// !$*UTF8*$!
{
	archiveVersion = 1;
	classes = {
	};
	objectVersion = 56;
	objects = {

/* Begin PBXBuildFile section */
		92038E7D29D9D786008EDC1B /* AddLinkView.swift in Sources */ = {isa = PBXBuildFile; fileRef = 92038E7C29D9D786008EDC1B /* AddLinkView.swift */; };
		922672A729F1A8CF00D92281 /* ExportAllTransactionsIntent.swift in Sources */ = {isa = PBXBuildFile; fileRef = 922672A629F1A8CF00D92281 /* ExportAllTransactionsIntent.swift */; };
		922672AD29F5664800D92281 /* Double.swift in Sources */ = {isa = PBXBuildFile; fileRef = 922672AC29F5664800D92281 /* Double.swift */; };
		922672AF29F56DD500D92281 /* RightToLeftSliderStyle.swift in Sources */ = {isa = PBXBuildFile; fileRef = 922672AE29F56DD500D92281 /* RightToLeftSliderStyle.swift */; };
		923803BD29D5CCF6001BADF2 /* Array.swift in Sources */ = {isa = PBXBuildFile; fileRef = 923803BC29D5CCF6001BADF2 /* Array.swift */; };
		92AB2A7529C3A49100EFF179 /* beRadioApp.swift in Sources */ = {isa = PBXBuildFile; fileRef = 92AB2A7429C3A49100EFF179 /* beRadioApp.swift */; };
		92AB2A7729C3A49100EFF179 /* Persistence.swift in Sources */ = {isa = PBXBuildFile; fileRef = 92AB2A7629C3A49100EFF179 /* Persistence.swift */; };
		92AB2A7A29C3A49100EFF179 /* beRadio.xcdatamodeld in Sources */ = {isa = PBXBuildFile; fileRef = 92AB2A7829C3A49100EFF179 /* beRadio.xcdatamodeld */; };
		92AB2A7C29C3A49100EFF179 /* ContentView.swift in Sources */ = {isa = PBXBuildFile; fileRef = 92AB2A7B29C3A49100EFF179 /* ContentView.swift */; };
		92AB2A7E29C3A49100EFF179 /* Assets.xcassets in Resources */ = {isa = PBXBuildFile; fileRef = 92AB2A7D29C3A49100EFF179 /* Assets.xcassets */; };
		92AB2A8229C3A49100EFF179 /* Preview Assets.xcassets in Resources */ = {isa = PBXBuildFile; fileRef = 92AB2A8129C3A49100EFF179 /* Preview Assets.xcassets */; };
		92AB2A8A29C3A9CB00EFF179 /* SwiftSoup in Frameworks */ = {isa = PBXBuildFile; productRef = 92AB2A8929C3A9CB00EFF179 /* SwiftSoup */; };
		92AB2A8D29C3AA9C00EFF179 /* extract.swift in Sources */ = {isa = PBXBuildFile; fileRef = 92AB2A8C29C3AA9C00EFF179 /* extract.swift */; };
		92ADFC5529C7321700582B66 /* Full programs view.swift in Sources */ = {isa = PBXBuildFile; fileRef = 92ADFC5429C7321700582B66 /* Full programs view.swift */; };
		92ADFC5829C73E7A00582B66 /* String.swift in Sources */ = {isa = PBXBuildFile; fileRef = 92ADFC5729C73E7A00582B66 /* String.swift */; };
		92BEBDFE29E86BF600DF52BE /* ProgramsListView.swift in Sources */ = {isa = PBXBuildFile; fileRef = 92BEBDFD29E86BF600DF52BE /* ProgramsListView.swift */; };
		92BEBE0429E8968700DF52BE /* imageBrightness.swift in Sources */ = {isa = PBXBuildFile; fileRef = 92BEBE0329E8968700DF52BE /* imageBrightness.swift */; };
		92BEBE0829EC42F000DF52BE /* AppAudioController.swift in Sources */ = {isa = PBXBuildFile; fileRef = 92BEBE0729EC42F000DF52BE /* AppAudioController.swift */; };
		92BEBE0A29EC45A600DF52BE /* ConfigurePlayingInfro.swift in Sources */ = {isa = PBXBuildFile; fileRef = 92BEBE0929EC45A600DF52BE /* ConfigurePlayingInfro.swift */; };
		92E59A3729DAD7DD002754E5 /* LinksFetcher.swift in Sources */ = {isa = PBXBuildFile; fileRef = 92E59A3629DAD7DD002754E5 /* LinksFetcher.swift */; };
		92E59A3929DB09E7002754E5 /* Date.swift in Sources */ = {isa = PBXBuildFile; fileRef = 92E59A3829DB09E7002754E5 /* Date.swift */; };
		92E59A3B29DB23AB002754E5 /* ImageLoader.swift in Sources */ = {isa = PBXBuildFile; fileRef = 92E59A3A29DB23AB002754E5 /* ImageLoader.swift */; };
		92E59A3D29DB33D5002754E5 /* ColoredProgramButton.swift in Sources */ = {isa = PBXBuildFile; fileRef = 92E59A3C29DB33D5002754E5 /* ColoredProgramButton.swift */; };
		92E59A3F29DB371F002754E5 /* LinkButton.swift in Sources */ = {isa = PBXBuildFile; fileRef = 92E59A3E29DB371F002754E5 /* LinkButton.swift */; };
		92E59A4129DB4899002754E5 /* LinkProcessor.swift in Sources */ = {isa = PBXBuildFile; fileRef = 92E59A4029DB4899002754E5 /* LinkProcessor.swift */; };
		92E59A4329DB5EEA002754E5 /* LaunchScreen.storyboard in Resources */ = {isa = PBXBuildFile; fileRef = 92E59A4229DB5EEA002754E5 /* LaunchScreen.storyboard */; };
		92E59A4529DC31EC002754E5 /* SafariView.swift in Sources */ = {isa = PBXBuildFile; fileRef = 92E59A4429DC31EC002754E5 /* SafariView.swift */; };
		92E59A4829DC5625002754E5 /* AudioPlayer.swift in Sources */ = {isa = PBXBuildFile; fileRef = 92E59A4729DC5625002754E5 /* AudioPlayer.swift */; };
		92E59A4B29DC566F002754E5 /* AudioPlayerView.swift in Sources */ = {isa = PBXBuildFile; fileRef = 92E59A4A29DC566F002754E5 /* AudioPlayerView.swift */; };
		92E59A4D29DC5D08002754E5 /* ConfigureAudioSession.swift in Sources */ = {isa = PBXBuildFile; fileRef = 92E59A4C29DC5D08002754E5 /* ConfigureAudioSession.swift */; };
		92E59A5329DFF8DD002754E5 /* FetchAudiUrl.swift in Sources */ = {isa = PBXBuildFile; fileRef = 92E59A5229DFF8DD002754E5 /* FetchAudiUrl.swift */; };
		92E59A5529E01FAD002754E5 /* selectAudioOutput.swift in Sources */ = {isa = PBXBuildFile; fileRef = 92E59A5429E01FAD002754E5 /* selectAudioOutput.swift */; };
		92E59A5D29E0305A002754E5 /* RouteChangeHandler.swift in Sources */ = {isa = PBXBuildFile; fileRef = 92E59A5C29E0305A002754E5 /* RouteChangeHandler.swift */; };
		92E59A5F29E04D60002754E5 /* setupRemoteCommandCenter.swift in Sources */ = {isa = PBXBuildFile; fileRef = 92E59A5E29E04D60002754E5 /* setupRemoteCommandCenter.swift */; };
		92E59A6129E07302002754E5 /* LivePlayerView.swift in Sources */ = {isa = PBXBuildFile; fileRef = 92E59A6029E07302002754E5 /* LivePlayerView.swift */; };
		92E59A6329E0733F002754E5 /* LiveAudioPlayer.swift in Sources */ = {isa = PBXBuildFile; fileRef = 92E59A6229E0733F002754E5 /* LiveAudioPlayer.swift */; };
		92E59A6529E1EA7D002754E5 /* StreamBuffer.swift in Sources */ = {isa = PBXBuildFile; fileRef = 92E59A6429E1EA7D002754E5 /* StreamBuffer.swift */; };
		92E59A6D29E32431002754E5 /* SearchView.swift in Sources */ = {isa = PBXBuildFile; fileRef = 92E59A6C29E32431002754E5 /* SearchView.swift */; };
		92E59A7029E33213002754E5 /* RadioStation.swift in Sources */ = {isa = PBXBuildFile; fileRef = 92E59A6F29E33213002754E5 /* RadioStation.swift */; };
		92E59A7229E33250002754E5 /* fetchRadioStations.swift in Sources */ = {isa = PBXBuildFile; fileRef = 92E59A7129E33250002754E5 /* fetchRadioStations.swift */; };
		92E59A7429E33292002754E5 /* RadioStationView.swift in Sources */ = {isa = PBXBuildFile; fileRef = 92E59A7329E33292002754E5 /* RadioStationView.swift */; };
		92E59A7629E33896002754E5 /* JSONDecoder.swift in Sources */ = {isa = PBXBuildFile; fileRef = 92E59A7529E33896002754E5 /* JSONDecoder.swift */; };
		92E59A8129E4983E002754E5 /* StationListViewModel.swift in Sources */ = {isa = PBXBuildFile; fileRef = 92E59A8029E4983E002754E5 /* StationListViewModel.swift */; };
		92E59A8329E4992F002754E5 /* CheckUrlExists.swift in Sources */ = {isa = PBXBuildFile; fileRef = 92E59A8229E4992F002754E5 /* CheckUrlExists.swift */; };
/* End PBXBuildFile section */

/* Begin PBXFileReference section */
		92038E7C29D9D786008EDC1B /* AddLinkView.swift */ = {isa = PBXFileReference; lastKnownFileType = sourcecode.swift; path = AddLinkView.swift; sourceTree = "<group>"; };
		922672A629F1A8CF00D92281 /* ExportAllTransactionsIntent.swift */ = {isa = PBXFileReference; lastKnownFileType = sourcecode.swift; path = ExportAllTransactionsIntent.swift; sourceTree = "<group>"; };
		922672AC29F5664800D92281 /* Double.swift */ = {isa = PBXFileReference; lastKnownFileType = sourcecode.swift; path = Double.swift; sourceTree = "<group>"; };
		922672AE29F56DD500D92281 /* RightToLeftSliderStyle.swift */ = {isa = PBXFileReference; lastKnownFileType = sourcecode.swift; path = RightToLeftSliderStyle.swift; sourceTree = "<group>"; };
		923803BB29D4AE70001BADF2 /* Info.plist */ = {isa = PBXFileReference; lastKnownFileType = text.plist; path = Info.plist; sourceTree = "<group>"; };
		923803BC29D5CCF6001BADF2 /* Array.swift */ = {isa = PBXFileReference; lastKnownFileType = sourcecode.swift; path = Array.swift; sourceTree = "<group>"; };
		92AB2A7129C3A49100EFF179 /* beRadio.app */ = {isa = PBXFileReference; explicitFileType = wrapper.application; includeInIndex = 0; path = beRadio.app; sourceTree = BUILT_PRODUCTS_DIR; };
		92AB2A7429C3A49100EFF179 /* beRadioApp.swift */ = {isa = PBXFileReference; lastKnownFileType = sourcecode.swift; path = beRadioApp.swift; sourceTree = "<group>"; };
		92AB2A7629C3A49100EFF179 /* Persistence.swift */ = {isa = PBXFileReference; lastKnownFileType = sourcecode.swift; path = Persistence.swift; sourceTree = "<group>"; };
		92AB2A7929C3A49100EFF179 /* beRadio.xcdatamodel */ = {isa = PBXFileReference; lastKnownFileType = wrapper.xcdatamodel; path = beRadio.xcdatamodel; sourceTree = "<group>"; };
		92AB2A7B29C3A49100EFF179 /* ContentView.swift */ = {isa = PBXFileReference; lastKnownFileType = sourcecode.swift; path = ContentView.swift; sourceTree = "<group>"; };
		92AB2A7D29C3A49100EFF179 /* Assets.xcassets */ = {isa = PBXFileReference; lastKnownFileType = folder.assetcatalog; path = Assets.xcassets; sourceTree = "<group>"; };
		92AB2A7F29C3A49100EFF179 /* beRadio.entitlements */ = {isa = PBXFileReference; lastKnownFileType = text.plist.entitlements; path = beRadio.entitlements; sourceTree = "<group>"; };
		92AB2A8129C3A49100EFF179 /* Preview Assets.xcassets */ = {isa = PBXFileReference; lastKnownFileType = folder.assetcatalog; path = "Preview Assets.xcassets"; sourceTree = "<group>"; };
		92AB2A8C29C3AA9C00EFF179 /* extract.swift */ = {isa = PBXFileReference; lastKnownFileType = sourcecode.swift; path = extract.swift; sourceTree = "<group>"; };
		92ADFC5429C7321700582B66 /* Full programs view.swift */ = {isa = PBXFileReference; lastKnownFileType = sourcecode.swift; path = "Full programs view.swift"; sourceTree = "<group>"; };
		92ADFC5729C73E7A00582B66 /* String.swift */ = {isa = PBXFileReference; lastKnownFileType = sourcecode.swift; path = String.swift; sourceTree = "<group>"; };
		92BEBDFD29E86BF600DF52BE /* ProgramsListView.swift */ = {isa = PBXFileReference; lastKnownFileType = sourcecode.swift; path = ProgramsListView.swift; sourceTree = "<group>"; };
		92BEBE0329E8968700DF52BE /* imageBrightness.swift */ = {isa = PBXFileReference; lastKnownFileType = sourcecode.swift; path = imageBrightness.swift; sourceTree = "<group>"; };
		92BEBE0729EC42F000DF52BE /* AppAudioController.swift */ = {isa = PBXFileReference; lastKnownFileType = sourcecode.swift; path = AppAudioController.swift; sourceTree = "<group>"; };
		92BEBE0929EC45A600DF52BE /* ConfigurePlayingInfro.swift */ = {isa = PBXFileReference; lastKnownFileType = sourcecode.swift; path = ConfigurePlayingInfro.swift; sourceTree = "<group>"; };
		92E59A3629DAD7DD002754E5 /* LinksFetcher.swift */ = {isa = PBXFileReference; lastKnownFileType = sourcecode.swift; path = LinksFetcher.swift; sourceTree = "<group>"; };
		92E59A3829DB09E7002754E5 /* Date.swift */ = {isa = PBXFileReference; lastKnownFileType = sourcecode.swift; path = Date.swift; sourceTree = "<group>"; };
		92E59A3A29DB23AB002754E5 /* ImageLoader.swift */ = {isa = PBXFileReference; lastKnownFileType = sourcecode.swift; path = ImageLoader.swift; sourceTree = "<group>"; };
		92E59A3C29DB33D5002754E5 /* ColoredProgramButton.swift */ = {isa = PBXFileReference; lastKnownFileType = sourcecode.swift; path = ColoredProgramButton.swift; sourceTree = "<group>"; };
		92E59A3E29DB371F002754E5 /* LinkButton.swift */ = {isa = PBXFileReference; lastKnownFileType = sourcecode.swift; path = LinkButton.swift; sourceTree = "<group>"; };
		92E59A4029DB4899002754E5 /* LinkProcessor.swift */ = {isa = PBXFileReference; lastKnownFileType = sourcecode.swift; path = LinkProcessor.swift; sourceTree = "<group>"; };
		92E59A4229DB5EEA002754E5 /* LaunchScreen.storyboard */ = {isa = PBXFileReference; lastKnownFileType = file.storyboard; path = LaunchScreen.storyboard; sourceTree = "<group>"; };
		92E59A4429DC31EC002754E5 /* SafariView.swift */ = {isa = PBXFileReference; lastKnownFileType = sourcecode.swift; path = SafariView.swift; sourceTree = "<group>"; };
		92E59A4729DC5625002754E5 /* AudioPlayer.swift */ = {isa = PBXFileReference; lastKnownFileType = sourcecode.swift; path = AudioPlayer.swift; sourceTree = "<group>"; };
		92E59A4A29DC566F002754E5 /* AudioPlayerView.swift */ = {isa = PBXFileReference; lastKnownFileType = sourcecode.swift; path = AudioPlayerView.swift; sourceTree = "<group>"; };
		92E59A4C29DC5D08002754E5 /* ConfigureAudioSession.swift */ = {isa = PBXFileReference; lastKnownFileType = sourcecode.swift; path = ConfigureAudioSession.swift; sourceTree = "<group>"; };
		92E59A5229DFF8DD002754E5 /* FetchAudiUrl.swift */ = {isa = PBXFileReference; lastKnownFileType = sourcecode.swift; path = FetchAudiUrl.swift; sourceTree = "<group>"; };
		92E59A5429E01FAD002754E5 /* selectAudioOutput.swift */ = {isa = PBXFileReference; lastKnownFileType = sourcecode.swift; path = selectAudioOutput.swift; sourceTree = "<group>"; };
		92E59A5C29E0305A002754E5 /* RouteChangeHandler.swift */ = {isa = PBXFileReference; lastKnownFileType = sourcecode.swift; path = RouteChangeHandler.swift; sourceTree = "<group>"; };
		92E59A5E29E04D60002754E5 /* setupRemoteCommandCenter.swift */ = {isa = PBXFileReference; lastKnownFileType = sourcecode.swift; path = setupRemoteCommandCenter.swift; sourceTree = "<group>"; };
		92E59A6029E07302002754E5 /* LivePlayerView.swift */ = {isa = PBXFileReference; lastKnownFileType = sourcecode.swift; path = LivePlayerView.swift; sourceTree = "<group>"; };
		92E59A6229E0733F002754E5 /* LiveAudioPlayer.swift */ = {isa = PBXFileReference; lastKnownFileType = sourcecode.swift; path = LiveAudioPlayer.swift; sourceTree = "<group>"; };
		92E59A6429E1EA7D002754E5 /* StreamBuffer.swift */ = {isa = PBXFileReference; lastKnownFileType = sourcecode.swift; path = StreamBuffer.swift; sourceTree = "<group>"; };
		92E59A6C29E32431002754E5 /* SearchView.swift */ = {isa = PBXFileReference; lastKnownFileType = sourcecode.swift; path = SearchView.swift; sourceTree = "<group>"; };
		92E59A6F29E33213002754E5 /* RadioStation.swift */ = {isa = PBXFileReference; lastKnownFileType = sourcecode.swift; path = RadioStation.swift; sourceTree = "<group>"; };
		92E59A7129E33250002754E5 /* fetchRadioStations.swift */ = {isa = PBXFileReference; lastKnownFileType = sourcecode.swift; path = fetchRadioStations.swift; sourceTree = "<group>"; };
		92E59A7329E33292002754E5 /* RadioStationView.swift */ = {isa = PBXFileReference; lastKnownFileType = sourcecode.swift; path = RadioStationView.swift; sourceTree = "<group>"; };
		92E59A7529E33896002754E5 /* JSONDecoder.swift */ = {isa = PBXFileReference; lastKnownFileType = sourcecode.swift; path = JSONDecoder.swift; sourceTree = "<group>"; };
		92E59A8029E4983E002754E5 /* StationListViewModel.swift */ = {isa = PBXFileReference; lastKnownFileType = sourcecode.swift; path = StationListViewModel.swift; sourceTree = "<group>"; };
		92E59A8229E4992F002754E5 /* CheckUrlExists.swift */ = {isa = PBXFileReference; lastKnownFileType = sourcecode.swift; path = CheckUrlExists.swift; sourceTree = "<group>"; };
/* End PBXFileReference section */

/* Begin PBXFrameworksBuildPhase section */
		92AB2A6E29C3A49100EFF179 /* Frameworks */ = {
			isa = PBXFrameworksBuildPhase;
			buildActionMask = 2147483647;
			files = (
				92AB2A8A29C3A9CB00EFF179 /* SwiftSoup in Frameworks */,
			);
			runOnlyForDeploymentPostprocessing = 0;
		};
/* End PBXFrameworksBuildPhase section */

/* Begin PBXGroup section */
		92AB2A6829C3A49100EFF179 = {
			isa = PBXGroup;
			children = (
				92AB2A7329C3A49100EFF179 /* beRadio */,
				92AB2A7229C3A49100EFF179 /* Products */,
			);
			sourceTree = "<group>";
		};
		92AB2A7229C3A49100EFF179 /* Products */ = {
			isa = PBXGroup;
			children = (
				92AB2A7129C3A49100EFF179 /* beRadio.app */,
			);
			name = Products;
			sourceTree = "<group>";
		};
		92AB2A7329C3A49100EFF179 /* beRadio */ = {
			isa = PBXGroup;
			children = (
				92E59A4629DC55F9002754E5 /* Observables */,
				92E59A3529DAD7C4002754E5 /* Classes */,
				923803BB29D4AE70001BADF2 /* Info.plist */,
				92AB2A7429C3A49100EFF179 /* beRadioApp.swift */,
				92AB2A7629C3A49100EFF179 /* Persistence.swift */,
				92AB2A7B29C3A49100EFF179 /* ContentView.swift */,
				92AB2A7D29C3A49100EFF179 /* Assets.xcassets */,
				92E59A4229DB5EEA002754E5 /* LaunchScreen.storyboard */,
				92E59A6E29E331FA002754E5 /* Structs */,
				92ADFC5329C731D900582B66 /* Views */,
				92AB2A8B29C3AA6600EFF179 /* Functions */,
				92ADFC5629C73E3900582B66 /* Extensions */,
				92AB2A7F29C3A49100EFF179 /* beRadio.entitlements */,
				92AB2A7829C3A49100EFF179 /* beRadio.xcdatamodeld */,
				92AB2A8029C3A49100EFF179 /* Preview Content */,
				922672A629F1A8CF00D92281 /* ExportAllTransactionsIntent.swift */,
			);
			path = beRadio;
			sourceTree = "<group>";
		};
		92AB2A8029C3A49100EFF179 /* Preview Content */ = {
			isa = PBXGroup;
			children = (
				92AB2A8129C3A49100EFF179 /* Preview Assets.xcassets */,
			);
			path = "Preview Content";
			sourceTree = "<group>";
		};
		92AB2A8B29C3AA6600EFF179 /* Functions */ = {
			isa = PBXGroup;
			children = (
				92AB2A8C29C3AA9C00EFF179 /* extract.swift */,
				92E59A4029DB4899002754E5 /* LinkProcessor.swift */,
				92E59A4C29DC5D08002754E5 /* ConfigureAudioSession.swift */,
				92E59A5229DFF8DD002754E5 /* FetchAudiUrl.swift */,
				92E59A5429E01FAD002754E5 /* selectAudioOutput.swift */,
				92E59A5E29E04D60002754E5 /* setupRemoteCommandCenter.swift */,
				92E59A7129E33250002754E5 /* fetchRadioStations.swift */,
				92E59A8229E4992F002754E5 /* CheckUrlExists.swift */,
				92BEBE0329E8968700DF52BE /* imageBrightness.swift */,
				92BEBE0929EC45A600DF52BE /* ConfigurePlayingInfro.swift */,
			);
			path = Functions;
			sourceTree = "<group>";
		};
		92ADFC5329C731D900582B66 /* Views */ = {
			isa = PBXGroup;
			children = (
				92038E7C29D9D786008EDC1B /* AddLinkView.swift */,
				92E59A4A29DC566F002754E5 /* AudioPlayerView.swift */,
				92E59A3C29DB33D5002754E5 /* ColoredProgramButton.swift */,
				92ADFC5429C7321700582B66 /* Full programs view.swift */,
				92E59A3A29DB23AB002754E5 /* ImageLoader.swift */,
				92E59A3E29DB371F002754E5 /* LinkButton.swift */,
				92E59A6029E07302002754E5 /* LivePlayerView.swift */,
				92E59A7329E33292002754E5 /* RadioStationView.swift */,
				92E59A4429DC31EC002754E5 /* SafariView.swift */,
				92E59A6C29E32431002754E5 /* SearchView.swift */,
				92BEBDFD29E86BF600DF52BE /* ProgramsListView.swift */,
			);
			path = Views;
			sourceTree = "<group>";
		};
		92ADFC5629C73E3900582B66 /* Extensions */ = {
			isa = PBXGroup;
			children = (
				92ADFC5729C73E7A00582B66 /* String.swift */,
				923803BC29D5CCF6001BADF2 /* Array.swift */,
				92E59A3829DB09E7002754E5 /* Date.swift */,
				92E59A7529E33896002754E5 /* JSONDecoder.swift */,
				922672AC29F5664800D92281 /* Double.swift */,
			);
			path = Extensions;
			sourceTree = "<group>";
		};
		92E59A3529DAD7C4002754E5 /* Classes */ = {
			isa = PBXGroup;
			children = (
				92E59A3629DAD7DD002754E5 /* LinksFetcher.swift */,
				92E59A5C29E0305A002754E5 /* RouteChangeHandler.swift */,
				92E59A6229E0733F002754E5 /* LiveAudioPlayer.swift */,
				92E59A6429E1EA7D002754E5 /* StreamBuffer.swift */,
				92E59A8029E4983E002754E5 /* StationListViewModel.swift */,
				92BEBE0729EC42F000DF52BE /* AppAudioController.swift */,
			);
			path = Classes;
			sourceTree = "<group>";
		};
		92E59A4629DC55F9002754E5 /* Observables */ = {
			isa = PBXGroup;
			children = (
				92E59A4729DC5625002754E5 /* AudioPlayer.swift */,
			);
			path = Observables;
			sourceTree = "<group>";
		};
		92E59A6E29E331FA002754E5 /* Structs */ = {
			isa = PBXGroup;
			children = (
				92E59A6F29E33213002754E5 /* RadioStation.swift */,
				922672AE29F56DD500D92281 /* RightToLeftSliderStyle.swift */,
			);
			path = Structs;
			sourceTree = "<group>";
		};
/* End PBXGroup section */

/* Begin PBXNativeTarget section */
		92AB2A7029C3A49100EFF179 /* beRadio */ = {
			isa = PBXNativeTarget;
			buildConfigurationList = 92AB2A8529C3A49100EFF179 /* Build configuration list for PBXNativeTarget "beRadio" */;
			buildPhases = (
				92AB2A6D29C3A49100EFF179 /* Sources */,
				92AB2A6E29C3A49100EFF179 /* Frameworks */,
				92AB2A6F29C3A49100EFF179 /* Resources */,
			);
			buildRules = (
			);
			dependencies = (
			);
			name = beRadio;
			packageProductDependencies = (
				92AB2A8929C3A9CB00EFF179 /* SwiftSoup */,
			);
			productName = beRadio;
			productReference = 92AB2A7129C3A49100EFF179 /* beRadio.app */;
			productType = "com.apple.product-type.application";
		};
/* End PBXNativeTarget section */

/* Begin PBXProject section */
		92AB2A6929C3A49100EFF179 /* Project object */ = {
			isa = PBXProject;
			attributes = {
				BuildIndependentTargetsInParallel = 1;
				LastSwiftUpdateCheck = 1410;
				LastUpgradeCheck = 1410;
				TargetAttributes = {
					92AB2A7029C3A49100EFF179 = {
						CreatedOnToolsVersion = 14.1;
					};
				};
			};
			buildConfigurationList = 92AB2A6C29C3A49100EFF179 /* Build configuration list for PBXProject "beRadio" */;
			compatibilityVersion = "Xcode 14.0";
			developmentRegion = en;
			hasScannedForEncodings = 0;
			knownRegions = (
				en,
				Base,
			);
			mainGroup = 92AB2A6829C3A49100EFF179;
			packageReferences = (
				92AB2A8829C3A9CB00EFF179 /* XCRemoteSwiftPackageReference "SwiftSoup" */,
			);
			productRefGroup = 92AB2A7229C3A49100EFF179 /* Products */;
			projectDirPath = "";
			projectRoot = "";
			targets = (
				92AB2A7029C3A49100EFF179 /* beRadio */,
			);
		};
/* End PBXProject section */

/* Begin PBXResourcesBuildPhase section */
		92AB2A6F29C3A49100EFF179 /* Resources */ = {
			isa = PBXResourcesBuildPhase;
			buildActionMask = 2147483647;
			files = (
				92E59A4329DB5EEA002754E5 /* LaunchScreen.storyboard in Resources */,
				92AB2A8229C3A49100EFF179 /* Preview Assets.xcassets in Resources */,
				92AB2A7E29C3A49100EFF179 /* Assets.xcassets in Resources */,
			);
			runOnlyForDeploymentPostprocessing = 0;
		};
/* End PBXResourcesBuildPhase section */

/* Begin PBXSourcesBuildPhase section */
		92AB2A6D29C3A49100EFF179 /* Sources */ = {
			isa = PBXSourcesBuildPhase;
			buildActionMask = 2147483647;
			files = (
				92ADFC5529C7321700582B66 /* Full programs view.swift in Sources */,
				92E59A4129DB4899002754E5 /* LinkProcessor.swift in Sources */,
				92038E7D29D9D786008EDC1B /* AddLinkView.swift in Sources */,
				92E59A4D29DC5D08002754E5 /* ConfigureAudioSession.swift in Sources */,
				922672AD29F5664800D92281 /* Double.swift in Sources */,
				92E59A3B29DB23AB002754E5 /* ImageLoader.swift in Sources */,
				92E59A3F29DB371F002754E5 /* LinkButton.swift in Sources */,
				92AB2A7529C3A49100EFF179 /* beRadioApp.swift in Sources */,
				92AB2A7A29C3A49100EFF179 /* beRadio.xcdatamodeld in Sources */,
				922672A729F1A8CF00D92281 /* ExportAllTransactionsIntent.swift in Sources */,
				92E59A5529E01FAD002754E5 /* selectAudioOutput.swift in Sources */,
				92AB2A7C29C3A49100EFF179 /* ContentView.swift in Sources */,
				92ADFC5829C73E7A00582B66 /* String.swift in Sources */,
				92E59A5F29E04D60002754E5 /* setupRemoteCommandCenter.swift in Sources */,
				92E59A5D29E0305A002754E5 /* RouteChangeHandler.swift in Sources */,
				92E59A6529E1EA7D002754E5 /* StreamBuffer.swift in Sources */,
				923803BD29D5CCF6001BADF2 /* Array.swift in Sources */,
				92E59A4829DC5625002754E5 /* AudioPlayer.swift in Sources */,
				92E59A6129E07302002754E5 /* LivePlayerView.swift in Sources */,
				92AB2A8D29C3AA9C00EFF179 /* extract.swift in Sources */,
				92E59A5329DFF8DD002754E5 /* FetchAudiUrl.swift in Sources */,
				92E59A6D29E32431002754E5 /* SearchView.swift in Sources */,
				92BEBE0A29EC45A600DF52BE /* ConfigurePlayingInfro.swift in Sources */,
				92E59A3929DB09E7002754E5 /* Date.swift in Sources */,
				92E59A7229E33250002754E5 /* fetchRadioStations.swift in Sources */,
				92E59A6329E0733F002754E5 /* LiveAudioPlayer.swift in Sources */,
				92BEBE0429E8968700DF52BE /* imageBrightness.swift in Sources */,
				92E59A7029E33213002754E5 /* RadioStation.swift in Sources */,
				92E59A4529DC31EC002754E5 /* SafariView.swift in Sources */,
				92E59A4B29DC566F002754E5 /* AudioPlayerView.swift in Sources */,
				92AB2A7729C3A49100EFF179 /* Persistence.swift in Sources */,
				92BEBDFE29E86BF600DF52BE /* ProgramsListView.swift in Sources */,
				92E59A7629E33896002754E5 /* JSONDecoder.swift in Sources */,
				92BEBE0829EC42F000DF52BE /* AppAudioController.swift in Sources */,
				92E59A7429E33292002754E5 /* RadioStationView.swift in Sources */,
				92E59A3D29DB33D5002754E5 /* ColoredProgramButton.swift in Sources */,
				92E59A3729DAD7DD002754E5 /* LinksFetcher.swift in Sources */,
				92E59A8329E4992F002754E5 /* CheckUrlExists.swift in Sources */,
				92E59A8129E4983E002754E5 /* StationListViewModel.swift in Sources */,
				922672AF29F56DD500D92281 /* RightToLeftSliderStyle.swift in Sources */,
			);
			runOnlyForDeploymentPostprocessing = 0;
		};
/* End PBXSourcesBuildPhase section */

/* Begin XCBuildConfiguration section */
		92AB2A8329C3A49100EFF179 /* Debug */ = {
			isa = XCBuildConfiguration;
			buildSettings = {
				ALWAYS_SEARCH_USER_PATHS = NO;
				CLANG_ANALYZER_NONNULL = YES;
				CLANG_ANALYZER_NUMBER_OBJECT_CONVERSION = YES_AGGRESSIVE;
				CLANG_CXX_LANGUAGE_STANDARD = "gnu++20";
				CLANG_ENABLE_MODULES = YES;
				CLANG_ENABLE_OBJC_ARC = YES;
				CLANG_ENABLE_OBJC_WEAK = YES;
				CLANG_WARN_BLOCK_CAPTURE_AUTORELEASING = YES;
				CLANG_WARN_BOOL_CONVERSION = YES;
				CLANG_WARN_COMMA = YES;
				CLANG_WARN_CONSTANT_CONVERSION = YES;
				CLANG_WARN_DEPRECATED_OBJC_IMPLEMENTATIONS = YES;
				CLANG_WARN_DIRECT_OBJC_ISA_USAGE = YES_ERROR;
				CLANG_WARN_DOCUMENTATION_COMMENTS = YES;
				CLANG_WARN_EMPTY_BODY = YES;
				CLANG_WARN_ENUM_CONVERSION = YES;
				CLANG_WARN_INFINITE_RECURSION = YES;
				CLANG_WARN_INT_CONVERSION = YES;
				CLANG_WARN_NON_LITERAL_NULL_CONVERSION = YES;
				CLANG_WARN_OBJC_IMPLICIT_RETAIN_SELF = YES;
				CLANG_WARN_OBJC_LITERAL_CONVERSION = YES;
				CLANG_WARN_OBJC_ROOT_CLASS = YES_ERROR;
				CLANG_WARN_QUOTED_INCLUDE_IN_FRAMEWORK_HEADER = YES;
				CLANG_WARN_RANGE_LOOP_ANALYSIS = YES;
				CLANG_WARN_STRICT_PROTOTYPES = YES;
				CLANG_WARN_SUSPICIOUS_MOVE = YES;
				CLANG_WARN_UNGUARDED_AVAILABILITY = YES_AGGRESSIVE;
				CLANG_WARN_UNREACHABLE_CODE = YES;
				CLANG_WARN__DUPLICATE_METHOD_MATCH = YES;
				COPY_PHASE_STRIP = NO;
				DEBUG_INFORMATION_FORMAT = dwarf;
				ENABLE_STRICT_OBJC_MSGSEND = YES;
				ENABLE_TESTABILITY = YES;
				GCC_C_LANGUAGE_STANDARD = gnu11;
				GCC_DYNAMIC_NO_PIC = NO;
				GCC_NO_COMMON_BLOCKS = YES;
				GCC_OPTIMIZATION_LEVEL = 0;
				GCC_PREPROCESSOR_DEFINITIONS = (
					"DEBUG=1",
					"$(inherited)",
				);
				GCC_WARN_64_TO_32_BIT_CONVERSION = YES;
				GCC_WARN_ABOUT_RETURN_TYPE = YES_ERROR;
				GCC_WARN_UNDECLARED_SELECTOR = YES;
				GCC_WARN_UNINITIALIZED_AUTOS = YES_AGGRESSIVE;
				GCC_WARN_UNUSED_FUNCTION = YES;
				GCC_WARN_UNUSED_VARIABLE = YES;
				MTL_ENABLE_DEBUG_INFO = INCLUDE_SOURCE;
				MTL_FAST_MATH = YES;
				ONLY_ACTIVE_ARCH = YES;
				SWIFT_ACTIVE_COMPILATION_CONDITIONS = DEBUG;
				SWIFT_OPTIMIZATION_LEVEL = "-Onone";
			};
			name = Debug;
		};
		92AB2A8429C3A49100EFF179 /* Release */ = {
			isa = XCBuildConfiguration;
			buildSettings = {
				ALWAYS_SEARCH_USER_PATHS = NO;
				CLANG_ANALYZER_NONNULL = YES;
				CLANG_ANALYZER_NUMBER_OBJECT_CONVERSION = YES_AGGRESSIVE;
				CLANG_CXX_LANGUAGE_STANDARD = "gnu++20";
				CLANG_ENABLE_MODULES = YES;
				CLANG_ENABLE_OBJC_ARC = YES;
				CLANG_ENABLE_OBJC_WEAK = YES;
				CLANG_WARN_BLOCK_CAPTURE_AUTORELEASING = YES;
				CLANG_WARN_BOOL_CONVERSION = YES;
				CLANG_WARN_COMMA = YES;
				CLANG_WARN_CONSTANT_CONVERSION = YES;
				CLANG_WARN_DEPRECATED_OBJC_IMPLEMENTATIONS = YES;
				CLANG_WARN_DIRECT_OBJC_ISA_USAGE = YES_ERROR;
				CLANG_WARN_DOCUMENTATION_COMMENTS = YES;
				CLANG_WARN_EMPTY_BODY = YES;
				CLANG_WARN_ENUM_CONVERSION = YES;
				CLANG_WARN_INFINITE_RECURSION = YES;
				CLANG_WARN_INT_CONVERSION = YES;
				CLANG_WARN_NON_LITERAL_NULL_CONVERSION = YES;
				CLANG_WARN_OBJC_IMPLICIT_RETAIN_SELF = YES;
				CLANG_WARN_OBJC_LITERAL_CONVERSION = YES;
				CLANG_WARN_OBJC_ROOT_CLASS = YES_ERROR;
				CLANG_WARN_QUOTED_INCLUDE_IN_FRAMEWORK_HEADER = YES;
				CLANG_WARN_RANGE_LOOP_ANALYSIS = YES;
				CLANG_WARN_STRICT_PROTOTYPES = YES;
				CLANG_WARN_SUSPICIOUS_MOVE = YES;
				CLANG_WARN_UNGUARDED_AVAILABILITY = YES_AGGRESSIVE;
				CLANG_WARN_UNREACHABLE_CODE = YES;
				CLANG_WARN__DUPLICATE_METHOD_MATCH = YES;
				COPY_PHASE_STRIP = NO;
				DEBUG_INFORMATION_FORMAT = "dwarf-with-dsym";
				ENABLE_NS_ASSERTIONS = NO;
				ENABLE_STRICT_OBJC_MSGSEND = YES;
				GCC_C_LANGUAGE_STANDARD = gnu11;
				GCC_NO_COMMON_BLOCKS = YES;
				GCC_WARN_64_TO_32_BIT_CONVERSION = YES;
				GCC_WARN_ABOUT_RETURN_TYPE = YES_ERROR;
				GCC_WARN_UNDECLARED_SELECTOR = YES;
				GCC_WARN_UNINITIALIZED_AUTOS = YES_AGGRESSIVE;
				GCC_WARN_UNUSED_FUNCTION = YES;
				GCC_WARN_UNUSED_VARIABLE = YES;
				MTL_ENABLE_DEBUG_INFO = NO;
				MTL_FAST_MATH = YES;
				SWIFT_COMPILATION_MODE = wholemodule;
				SWIFT_OPTIMIZATION_LEVEL = "-O";
			};
			name = Release;
		};
		92AB2A8629C3A49100EFF179 /* Debug */ = {
			isa = XCBuildConfiguration;
			buildSettings = {
				ASSETCATALOG_COMPILER_APPICON_NAME = AppIcon;
				ASSETCATALOG_COMPILER_GLOBAL_ACCENT_COLOR_NAME = AccentColor;
				CODE_SIGN_ENTITLEMENTS = beRadio/beRadio.entitlements;
				CODE_SIGN_STYLE = Automatic;
				CURRENT_PROJECT_VERSION = 4;
				DEVELOPMENT_ASSET_PATHS = "\"beRadio/Preview Content\"";
				DEVELOPMENT_TEAM = NRTGJB9J65;
				ENABLE_HARDENED_RUNTIME = YES;
				ENABLE_PREVIEWS = YES;
				GENERATE_INFOPLIST_FILE = YES;
				INFOPLIST_FILE = beRadio/Info.plist;
				INFOPLIST_KEY_CFBundleDisplayName = "";
				"INFOPLIST_KEY_UIApplicationSceneManifest_Generation[sdk=iphoneos*]" = YES;
				"INFOPLIST_KEY_UIApplicationSceneManifest_Generation[sdk=iphonesimulator*]" = YES;
				"INFOPLIST_KEY_UIApplicationSupportsIndirectInputEvents[sdk=iphoneos*]" = YES;
				"INFOPLIST_KEY_UIApplicationSupportsIndirectInputEvents[sdk=iphonesimulator*]" = YES;
				"INFOPLIST_KEY_UILaunchScreen_Generation[sdk=iphoneos*]" = YES;
				"INFOPLIST_KEY_UILaunchScreen_Generation[sdk=iphonesimulator*]" = YES;
				INFOPLIST_KEY_UILaunchStoryboardName = LaunchScreen.storyboard;
				"INFOPLIST_KEY_UIStatusBarStyle[sdk=iphoneos*]" = UIStatusBarStyleDefault;
				"INFOPLIST_KEY_UIStatusBarStyle[sdk=iphonesimulator*]" = UIStatusBarStyleDefault;
				INFOPLIST_KEY_UISupportedInterfaceOrientations_iPad = "UIInterfaceOrientationPortrait UIInterfaceOrientationPortraitUpsideDown UIInterfaceOrientationLandscapeLeft UIInterfaceOrientationLandscapeRight";
				INFOPLIST_KEY_UISupportedInterfaceOrientations_iPhone = "UIInterfaceOrientationPortrait UIInterfaceOrientationLandscapeLeft UIInterfaceOrientationLandscapeRight";
				IPHONEOS_DEPLOYMENT_TARGET = 16.1;
				LD_RUNPATH_SEARCH_PATHS = "@executable_path/Frameworks";
				"LD_RUNPATH_SEARCH_PATHS[sdk=macosx*]" = "@executable_path/../Frameworks";
				MACOSX_DEPLOYMENT_TARGET = 13.0;
				MARKETING_VERSION = 1.0;
				PRODUCT_BUNDLE_IDENTIFIER = com.beRadio.beRadio;
				PRODUCT_NAME = "$(TARGET_NAME)";
				SDKROOT = auto;
				SUPPORTED_PLATFORMS = "iphoneos iphonesimulator macosx";
				SWIFT_EMIT_LOC_STRINGS = YES;
				SWIFT_VERSION = 5.0;
				TARGETED_DEVICE_FAMILY = "1,2";
			};
			name = Debug;
		};
		92AB2A8729C3A49100EFF179 /* Release */ = {
			isa = XCBuildConfiguration;
			buildSettings = {
				ASSETCATALOG_COMPILER_APPICON_NAME = AppIcon;
				ASSETCATALOG_COMPILER_GLOBAL_ACCENT_COLOR_NAME = AccentColor;
				CODE_SIGN_ENTITLEMENTS = beRadio/beRadio.entitlements;
				CODE_SIGN_STYLE = Automatic;
				CURRENT_PROJECT_VERSION = 4;
				DEVELOPMENT_ASSET_PATHS = "\"beRadio/Preview Content\"";
				DEVELOPMENT_TEAM = NRTGJB9J65;
				ENABLE_HARDENED_RUNTIME = YES;
				ENABLE_PREVIEWS = YES;
				GENERATE_INFOPLIST_FILE = YES;
				INFOPLIST_FILE = beRadio/Info.plist;
				INFOPLIST_KEY_CFBundleDisplayName = "";
				"INFOPLIST_KEY_UIApplicationSceneManifest_Generation[sdk=iphoneos*]" = YES;
				"INFOPLIST_KEY_UIApplicationSceneManifest_Generation[sdk=iphonesimulator*]" = YES;
				"INFOPLIST_KEY_UIApplicationSupportsIndirectInputEvents[sdk=iphoneos*]" = YES;
				"INFOPLIST_KEY_UIApplicationSupportsIndirectInputEvents[sdk=iphonesimulator*]" = YES;
				"INFOPLIST_KEY_UILaunchScreen_Generation[sdk=iphoneos*]" = YES;
				"INFOPLIST_KEY_UILaunchScreen_Generation[sdk=iphonesimulator*]" = YES;
				INFOPLIST_KEY_UILaunchStoryboardName = LaunchScreen.storyboard;
				"INFOPLIST_KEY_UIStatusBarStyle[sdk=iphoneos*]" = UIStatusBarStyleDefault;
				"INFOPLIST_KEY_UIStatusBarStyle[sdk=iphonesimulator*]" = UIStatusBarStyleDefault;
				INFOPLIST_KEY_UISupportedInterfaceOrientations_iPad = "UIInterfaceOrientationPortrait UIInterfaceOrientationPortraitUpsideDown UIInterfaceOrientationLandscapeLeft UIInterfaceOrientationLandscapeRight";
				INFOPLIST_KEY_UISupportedInterfaceOrientations_iPhone = "UIInterfaceOrientationPortrait UIInterfaceOrientationLandscapeLeft UIInterfaceOrientationLandscapeRight";
				IPHONEOS_DEPLOYMENT_TARGET = 16.1;
				LD_RUNPATH_SEARCH_PATHS = "@executable_path/Frameworks";
				"LD_RUNPATH_SEARCH_PATHS[sdk=macosx*]" = "@executable_path/../Frameworks";
				MACOSX_DEPLOYMENT_TARGET = 13.0;
				MARKETING_VERSION = 1.0;
				PRODUCT_BUNDLE_IDENTIFIER = com.beRadio.beRadio;
				PRODUCT_NAME = "$(TARGET_NAME)";
				SDKROOT = auto;
				SUPPORTED_PLATFORMS = "iphoneos iphonesimulator macosx";
				SWIFT_EMIT_LOC_STRINGS = YES;
				SWIFT_VERSION = 5.0;
				TARGETED_DEVICE_FAMILY = "1,2";
			};
			name = Release;
		};
/* End XCBuildConfiguration section */

/* Begin XCConfigurationList section */
		92AB2A6C29C3A49100EFF179 /* Build configuration list for PBXProject "beRadio" */ = {
			isa = XCConfigurationList;
			buildConfigurations = (
				92AB2A8329C3A49100EFF179 /* Debug */,
				92AB2A8429C3A49100EFF179 /* Release */,
			);
			defaultConfigurationIsVisible = 0;
			defaultConfigurationName = Release;
		};
		92AB2A8529C3A49100EFF179 /* Build configuration list for PBXNativeTarget "beRadio" */ = {
			isa = XCConfigurationList;
			buildConfigurations = (
				92AB2A8629C3A49100EFF179 /* Debug */,
				92AB2A8729C3A49100EFF179 /* Release */,
			);
			defaultConfigurationIsVisible = 0;
			defaultConfigurationName = Release;
		};
/* End XCConfigurationList section */

/* Begin XCRemoteSwiftPackageReference section */
		92AB2A8829C3A9CB00EFF179 /* XCRemoteSwiftPackageReference "SwiftSoup" */ = {
			isa = XCRemoteSwiftPackageReference;
			repositoryURL = "https://github.com/scinfu/SwiftSoup.git";
			requirement = {
				kind = upToNextMajorVersion;
				minimumVersion = 2.0.0;
			};
		};
/* End XCRemoteSwiftPackageReference section */

/* Begin XCSwiftPackageProductDependency section */
		92AB2A8929C3A9CB00EFF179 /* SwiftSoup */ = {
			isa = XCSwiftPackageProductDependency;
			package = 92AB2A8829C3A9CB00EFF179 /* XCRemoteSwiftPackageReference "SwiftSoup" */;
			productName = SwiftSoup;
		};
/* End XCSwiftPackageProductDependency section */

/* Begin XCVersionGroup section */
		92AB2A7829C3A49100EFF179 /* beRadio.xcdatamodeld */ = {
			isa = XCVersionGroup;
			children = (
				92AB2A7929C3A49100EFF179 /* beRadio.xcdatamodel */,
			);
			currentVersion = 92AB2A7929C3A49100EFF179 /* beRadio.xcdatamodel */;
			path = beRadio.xcdatamodeld;
			sourceTree = "<group>";
			versionGroupType = wrapper.xcdatamodel;
		};
/* End XCVersionGroup section */
	};
	rootObject = 92AB2A6929C3A49100EFF179 /* Project object */;
}
